{
  "nodes": {
    "flake-utils": {
      "locked": {
        "lastModified": 1614513358,
        "narHash": "sha256-LakhOx3S1dRjnh0b5Dg3mbZyH0ToC9I8Y2wKSkBaTzU=",
        "owner": "numtide",
        "repo": "flake-utils",
        "rev": "5466c5bbece17adaab2d82fae80b46e807611bf3",
        "type": "github"
      },
      "original": {
        "owner": "numtide",
        "repo": "flake-utils",
        "type": "github"
      }
    },
    "nixpkgs": {
      "locked": {
        "lastModified": 1619057301,
        "narHash": "sha256-1Y1nCnwGSQHM76KGIhz+8tOAGOT3wlP+dKjwoyQXCtg=",
        "owner": "nixos",
        "repo": "nixpkgs",
        "rev": "d235056d6d6dcbd2999bd55fd120d831d4df6304",
        "type": "github"
      },
      "original": {
        "owner": "nixos",
        "ref": "nixos-unstable",
        "repo": "nixpkgs",
        "type": "github"
      }
    },
    "root": {
      "inputs": {
        "nixpkgs": "nixpkgs",
        "rust-overlay": "rust-overlay"
      }
    },
    "rust-overlay": {
      "inputs": {
        "flake-utils": "flake-utils",
        "nixpkgs": [
          "nixpkgs"
        ]
      },
      "locked": {
        "lastModified": 1619058271,
        "narHash": "sha256-FRpeaxpfq2WZlz21bqCoiFv1c1f2vh1ZCsA9XYczgy4=",
        "owner": "oxalica",
        "repo": "rust-overlay",
        "rev": "2dffb6e3a8d665d8b7d12569a30e70f763efe002",
        "type": "github"
      },
      "original": {
        "owner": "oxalica",
        "repo": "rust-overlay",
        "type": "github"
      }
    }
  },
  "root": "root",
  "version": 7
}
